{
	"name": "sillycatactivemq",
	"version": "0.0.1",
	"lockfileVersion": 1,
	"requires": true,
	"dependencies": {
		"object-assign": {
			"version": "2.1.1",
			"resolved": "https://registry.npmjs.org/object-assign/-/object-assign-2.1.1.tgz",
			"integrity": "sha1-Q8NuXVaf+OSBbE76i+AtJpZ8GKo="
		},
		"qs": {
			"version": "3.1.0",
			"resolved": "https://registry.npmjs.org/qs/-/qs-3.1.0.tgz",
			"integrity": "sha1-0OmudFIzoS3EP7TzBVu6RGJhFTw="
		},
		"stompit": {
			"version": "0.26.0",
			"resolved": "https://registry.npmjs.org/stompit/-/stompit-0.26.0.tgz",
			"integrity": "sha512-8AeAUba7FuJsQ+EmGp3ZG2385BbGzbZHx5qwSwZl3cgafWwYhUdLjQDyRjEu/RNB5d4BdeMRQ2SxHDEH5hXcoQ==",
			"requires": {
				"object-assign": "^2.0.0",
				"qs": "~3.1.0"
			}
		}
	}
}
